
Microsoft Visual Studio Solution File, Format Version 12.00
# Visual Studio Version 16
VisualStudioVersion = 16.0.30611.23
MinimumVisualStudioVersion = 10.0.40219.1
Project("{FAE04EC0-301F-11D3-BF4B-00C04F79EFBC}") = "FileSystemTPL", "FileSystemTPL\FileSystemTPL.csproj", "{D9315863-9605-4673-98ED-EBF8A0B563CD}"
EndProject
Global
	GlobalSection(SolutionConfigurationPlatforms) = preSolution
		Debug|Any CPU = Debug|Any CPU
		Release|Any CPU = Release|Any CPU
	EndGlobalSection
	GlobalSection(ProjectConfigurationPlatforms) = postSolution
		{D9315863-9605-4673-98ED-EBF8A0B563CD}.Debug|Any CPU.ActiveCfg = Debug|Any CPU
		{D9315863-9605-4673-98ED-EBF8A0B563CD}.Debug|Any CPU.Build.0 = Debug|Any CPU
		{D9315863-9605-4673-98ED-EBF8A0B563CD}.Release|Any CPU.ActiveCfg = Release|Any CPU
		{D9315863-9605-4673-98ED-EBF8A0B563CD}.Release|Any CPU.Build.0 = Release|Any CPU
	EndGlobalSection
	GlobalSection(SolutionProperties) = preSolution
		HideSolutionNode = FALSE
	EndGlobalSection
	GlobalSection(ExtensibilityGlobals) = postSolution
		SolutionGuid = {B56630AF-5435-4B62-ADBE-D7B2E5DC9B9B}
	EndGlobalSection
EndGlobal
